
Microsoft Visual Studio Solution File, Format Version 12.00
Project("{FAE04EC0-301F-11D3-BF4B-00C04F79EFBC}") = "DotQuery", "DotQuery\DotQuery.csproj", "{F93CE2B6-8314-4D88-B4A3-F1D65DDC06BE}"
EndProject
Project("{FAE04EC0-301F-11D3-BF4B-00C04F79EFBC}") = "DotQuery.Tests", "DotQuery.Tests\DotQuery.Tests.csproj", "{96B636B5-C295-44DA-9B32-C21200C3E95B}"
EndProject
Global
	GlobalSection(SolutionConfigurationPlatforms) = preSolution
		Debug|Any CPU = Debug|Any CPU
		Release|Any CPU = Release|Any CPU
	EndGlobalSection
	GlobalSection(ProjectConfigurationPlatforms) = postSolution
		{F93CE2B6-8314-4D88-B4A3-F1D65DDC06BE}.Debug|Any CPU.ActiveCfg = Debug|Any CPU
		{F93CE2B6-8314-4D88-B4A3-F1D65DDC06BE}.Debug|Any CPU.Build.0 = Debug|Any CPU
		{F93CE2B6-8314-4D88-B4A3-F1D65DDC06BE}.Release|Any CPU.ActiveCfg = Release|Any CPU
		{F93CE2B6-8314-4D88-B4A3-F1D65DDC06BE}.Release|Any CPU.Build.0 = Release|Any CPU
		{96B636B5-C295-44DA-9B32-C21200C3E95B}.Debug|Any CPU.ActiveCfg = Debug|Any CPU
		{96B636B5-C295-44DA-9B32-C21200C3E95B}.Debug|Any CPU.Build.0 = Debug|Any CPU
		{96B636B5-C295-44DA-9B32-C21200C3E95B}.Release|Any CPU.ActiveCfg = Release|Any CPU
		{96B636B5-C295-44DA-9B32-C21200C3E95B}.Release|Any CPU.Build.0 = Release|Any CPU
	EndGlobalSection
EndGlobal
